
Microsoft Visual Studio Solution File, Format Version 12.00
# Visual Studio 14
VisualStudioVersion = 14.0.23107.0
MinimumVisualStudioVersion = 10.0.40219.1
Project("{FAE04EC0-301F-11D3-BF4B-00C04F79EFBC}") = "BitcoinTerminal", "BitcoinTerminal\BitcoinTerminal.csproj", "{6575642C-F85C-4D9E-A241-5176519A2517}"
EndProject
Project("{FAE04EC0-301F-11D3-BF4B-00C04F79EFBC}") = "VTMC.Utils", "VTMC.Utils\VTMC.Utils.csproj", "{9691FE57-AECB-4CD5-9C4E-4754E26C9940}"
EndProject
Project("{FAE04EC0-301F-11D3-BF4B-00C04F79EFBC}") = "Bitcoiner", "Bitcoiner\Bitcoiner.csproj", "{AE6C4370-A95F-454B-A748-E202A6EE8ACE}"
EndProject
Global
	GlobalSection(SolutionConfigurationPlatforms) = preSolution
		A|Any CPU = A|Any CPU
		Debug|Any CPU = Debug|Any CPU
		Release|Any CPU = Release|Any CPU
	EndGlobalSection
	GlobalSection(ProjectConfigurationPlatforms) = postSolution
		{6575642C-F85C-4D9E-A241-5176519A2517}.A|Any CPU.ActiveCfg = Release|Any CPU
		{6575642C-F85C-4D9E-A241-5176519A2517}.A|Any CPU.Build.0 = Release|Any CPU
		{6575642C-F85C-4D9E-A241-5176519A2517}.Debug|Any CPU.ActiveCfg = Debug|Any CPU
		{6575642C-F85C-4D9E-A241-5176519A2517}.Debug|Any CPU.Build.0 = Debug|Any CPU
		{6575642C-F85C-4D9E-A241-5176519A2517}.Release|Any CPU.ActiveCfg = Release|Any CPU
		{6575642C-F85C-4D9E-A241-5176519A2517}.Release|Any CPU.Build.0 = Release|Any CPU
		{9691FE57-AECB-4CD5-9C4E-4754E26C9940}.A|Any CPU.ActiveCfg = A|Any CPU
		{9691FE57-AECB-4CD5-9C4E-4754E26C9940}.A|Any CPU.Build.0 = A|Any CPU
		{9691FE57-AECB-4CD5-9C4E-4754E26C9940}.Debug|Any CPU.ActiveCfg = Debug|Any CPU
		{9691FE57-AECB-4CD5-9C4E-4754E26C9940}.Debug|Any CPU.Build.0 = Debug|Any CPU
		{9691FE57-AECB-4CD5-9C4E-4754E26C9940}.Release|Any CPU.ActiveCfg = Release|Any CPU
		{9691FE57-AECB-4CD5-9C4E-4754E26C9940}.Release|Any CPU.Build.0 = Release|Any CPU
		{AE6C4370-A95F-454B-A748-E202A6EE8ACE}.A|Any CPU.ActiveCfg = Release|Any CPU
		{AE6C4370-A95F-454B-A748-E202A6EE8ACE}.A|Any CPU.Build.0 = Release|Any CPU
		{AE6C4370-A95F-454B-A748-E202A6EE8ACE}.Debug|Any CPU.ActiveCfg = Debug|Any CPU
		{AE6C4370-A95F-454B-A748-E202A6EE8ACE}.Debug|Any CPU.Build.0 = Debug|Any CPU
		{AE6C4370-A95F-454B-A748-E202A6EE8ACE}.Release|Any CPU.ActiveCfg = Release|Any CPU
		{AE6C4370-A95F-454B-A748-E202A6EE8ACE}.Release|Any CPU.Build.0 = Release|Any CPU
	EndGlobalSection
	GlobalSection(SolutionProperties) = preSolution
		HideSolutionNode = FALSE
	EndGlobalSection
EndGlobal
